
Microsoft Visual Studio Solution File, Format Version 12.00
# Visual Studio Version 17
VisualStudioVersion = 17.13.35825.156 d17.13
MinimumVisualStudioVersion = 10.0.40219.1
Project("{FAE04EC0-301F-11D3-BF4B-00C04F79EFBC}") = "Extintores", "Extintores\Extintores.csproj", "{997E6CD3-00AE-4DCF-8AC5-D8A1BAD48359}"
EndProject
Global
	GlobalSection(SolutionConfigurationPlatforms) = preSolution
		Debug|Any CPU = Debug|Any CPU
		Release|Any CPU = Release|Any CPU
	EndGlobalSection
	GlobalSection(ProjectConfigurationPlatforms) = postSolution
		{997E6CD3-00AE-4DCF-8AC5-D8A1BAD48359}.Debug|Any CPU.ActiveCfg = Debug|Any CPU
		{997E6CD3-00AE-4DCF-8AC5-D8A1BAD48359}.Debug|Any CPU.Build.0 = Debug|Any CPU
		{997E6CD3-00AE-4DCF-8AC5-D8A1BAD48359}.Release|Any CPU.ActiveCfg = Release|Any CPU
		{997E6CD3-00AE-4DCF-8AC5-D8A1BAD48359}.Release|Any CPU.Build.0 = Release|Any CPU
	EndGlobalSection
	GlobalSection(SolutionProperties) = preSolution
		HideSolutionNode = FALSE
	EndGlobalSection
	GlobalSection(ExtensibilityGlobals) = postSolution
		SolutionGuid = {D5677E36-3233-4C72-9140-13015DCB4E33}
	EndGlobalSection
EndGlobal
